
Microsoft Visual Studio Solution File, Format Version 12.00
# Visual Studio Version 16
VisualStudioVersion = 16.0.30804.86
MinimumVisualStudioVersion = 10.0.40219.1
Project("{FAE04EC0-301F-11D3-BF4B-00C04F79EFBC}") = "RabbitMQ.MarkingPicture", "RabbitMQ.MarkingPicture\RabbitMQ.MarkingPicture.csproj", "{9D275BEB-976A-4BBA-AABB-C66C9CFAEE9E}"
EndProject
Global
	GlobalSection(SolutionConfigurationPlatforms) = preSolution
		Debug|Any CPU = Debug|Any CPU
		Release|Any CPU = Release|Any CPU
	EndGlobalSection
	GlobalSection(ProjectConfigurationPlatforms) = postSolution
		{9D275BEB-976A-4BBA-AABB-C66C9CFAEE9E}.Debug|Any CPU.ActiveCfg = Debug|Any CPU
		{9D275BEB-976A-4BBA-AABB-C66C9CFAEE9E}.Debug|Any CPU.Build.0 = Debug|Any CPU
		{9D275BEB-976A-4BBA-AABB-C66C9CFAEE9E}.Release|Any CPU.ActiveCfg = Release|Any CPU
		{9D275BEB-976A-4BBA-AABB-C66C9CFAEE9E}.Release|Any CPU.Build.0 = Release|Any CPU
	EndGlobalSection
	GlobalSection(SolutionProperties) = preSolution
		HideSolutionNode = FALSE
	EndGlobalSection
	GlobalSection(ExtensibilityGlobals) = postSolution
		SolutionGuid = {AE1D349B-B92D-45E2-9F98-A7A1D5AAE093}
	EndGlobalSection
EndGlobal
